
Microsoft Visual Studio Solution File, Format Version 12.00
# Visual Studio 15
VisualStudioVersion = 15.0.28307.1022
MinimumVisualStudioVersion = 10.0.40219.1
Project("{FAE04EC0-301F-11D3-BF4B-00C04F79EFBC}") = "RationalInteger", "RarionalInteger\RationalInteger.csproj", "{2E2B6752-D9EA-4D07-A8FA-6162E79EA186}"
EndProject
Project("{FAE04EC0-301F-11D3-BF4B-00C04F79EFBC}") = "RationalIntegerUnitTest", "RationalIntegerUnitTest\RationalIntegerUnitTest.csproj", "{198CB125-D62A-477C-8F0A-42B2B9970BAD}"
EndProject
Global
	GlobalSection(SolutionConfigurationPlatforms) = preSolution
		Debug|Any CPU = Debug|Any CPU
		Release|Any CPU = Release|Any CPU
	EndGlobalSection
	GlobalSection(ProjectConfigurationPlatforms) = postSolution
		{2E2B6752-D9EA-4D07-A8FA-6162E79EA186}.Debug|Any CPU.ActiveCfg = Debug|Any CPU
		{2E2B6752-D9EA-4D07-A8FA-6162E79EA186}.Debug|Any CPU.Build.0 = Debug|Any CPU
		{2E2B6752-D9EA-4D07-A8FA-6162E79EA186}.Release|Any CPU.ActiveCfg = Release|Any CPU
		{2E2B6752-D9EA-4D07-A8FA-6162E79EA186}.Release|Any CPU.Build.0 = Release|Any CPU
		{198CB125-D62A-477C-8F0A-42B2B9970BAD}.Debug|Any CPU.ActiveCfg = Debug|Any CPU
		{198CB125-D62A-477C-8F0A-42B2B9970BAD}.Debug|Any CPU.Build.0 = Debug|Any CPU
		{198CB125-D62A-477C-8F0A-42B2B9970BAD}.Release|Any CPU.ActiveCfg = Release|Any CPU
		{198CB125-D62A-477C-8F0A-42B2B9970BAD}.Release|Any CPU.Build.0 = Release|Any CPU
	EndGlobalSection
	GlobalSection(SolutionProperties) = preSolution
		HideSolutionNode = FALSE
	EndGlobalSection
	GlobalSection(ExtensibilityGlobals) = postSolution
		SolutionGuid = {E5456758-9D3F-4580-A735-451F53B7CFB9}
	EndGlobalSection
EndGlobal
